{
  "name": "dataforged-types-example",
  "version": "1.0.0",
  "lockfileVersion": 3,
  "requires": true,
  "packages": {
    "": {
      "name": "dataforged-types-example",
      "dependencies": {
        "dataforged": "1.5.3"
      },
      "devDependencies": {
        "typescript": "5.0.4"
      }
    },
    "node_modules/dataforged": {
      "version": "1.5.3",
      "resolved": "https://registry.npmjs.org/dataforged/-/dataforged-1.5.3.tgz",
      "integrity": "sha512-+0B/G1PIz+Fnx+WVCKYYQ2ujrBeYmm1WTn9gQ7Kh00Bm/JcLBBx1OqMzsxeow5AI1GgBld6oF3XJiNDN0rSPwQ=="
    },
    "node_modules/typescript": {
      "version": "5.0.4",
      "resolved": "https://registry.npmjs.org/typescript/-/typescript-5.0.4.tgz",
      "integrity": "sha512-cW9T5W9xY37cc+jfEnaUvX91foxtHkza3Nw3wkoF4sSlKn0MONdkdEndig/qPBWXNkmplh3NzayQzCiHM4/hqw==",
      "dev": true,
      "bin": {
        "tsc": "bin/tsc",
        "tsserver": "bin/tsserver"
      },
      "engines": {
        "node": ">=12.20"
      }
    }
  }
}
